
Microsoft Visual Studio Solution File, Format Version 12.00
# Visual Studio Version 17
VisualStudioVersion = 17.10.35122.118
MinimumVisualStudioVersion = 10.0.40219.1
Project("{9A19103F-16F7-4668-BE54-9A1E7A4F7556}") = "webApplication", "fastendpoints1\webApplication.csproj", "{43125D31-CCD6-4BD0-AF71-3AE75EC8B373}"
EndProject
Global
	GlobalSection(SolutionConfigurationPlatforms) = preSolution
		Debug|Any CPU = Debug|Any CPU
		Release|Any CPU = Release|Any CPU
	EndGlobalSection
	GlobalSection(ProjectConfigurationPlatforms) = postSolution
		{43125D31-CCD6-4BD0-AF71-3AE75EC8B373}.Debug|Any CPU.ActiveCfg = Debug|Any CPU
		{43125D31-CCD6-4BD0-AF71-3AE75EC8B373}.Debug|Any CPU.Build.0 = Debug|Any CPU
		{43125D31-CCD6-4BD0-AF71-3AE75EC8B373}.Release|Any CPU.ActiveCfg = Release|Any CPU
		{43125D31-CCD6-4BD0-AF71-3AE75EC8B373}.Release|Any CPU.Build.0 = Release|Any CPU
	EndGlobalSection
	GlobalSection(SolutionProperties) = preSolution
		HideSolutionNode = FALSE
	EndGlobalSection
	GlobalSection(ExtensibilityGlobals) = postSolution
		SolutionGuid = {0BEA676E-FACB-4B22-B79A-0840E121E497}
	EndGlobalSection
EndGlobal
